
Microsoft Visual Studio Solution File, Format Version 12.00
# Visual Studio Version 17
VisualStudioVersion = 17.5.002.0
MinimumVisualStudioVersion = 10.0.40219.1
Project("{2150E333-8FDC-42A3-9474-1A3956D46DE8}") = "backend", "backend", "{20E8FFC1-B456-488F-BC5C-DC6C7B8795B4}"
EndProject
Project("{9A19103F-16F7-4668-BE54-9A1E7A4F7556}") = "FrisbeeGolfer.api", "backend\FrisbeeGolfer.api\FrisbeeGolfer.api.csproj", "{7DA4E33E-77EC-4189-9841-98DA1675C66E}"
EndProject
Global
	GlobalSection(SolutionConfigurationPlatforms) = preSolution
		Debug|Any CPU = Debug|Any CPU
		Release|Any CPU = Release|Any CPU
	EndGlobalSection
	GlobalSection(ProjectConfigurationPlatforms) = postSolution
		{7DA4E33E-77EC-4189-9841-98DA1675C66E}.Debug|Any CPU.ActiveCfg = Debug|Any CPU
		{7DA4E33E-77EC-4189-9841-98DA1675C66E}.Debug|Any CPU.Build.0 = Debug|Any CPU
		{7DA4E33E-77EC-4189-9841-98DA1675C66E}.Release|Any CPU.ActiveCfg = Release|Any CPU
		{7DA4E33E-77EC-4189-9841-98DA1675C66E}.Release|Any CPU.Build.0 = Release|Any CPU
	EndGlobalSection
	GlobalSection(SolutionProperties) = preSolution
		HideSolutionNode = FALSE
	EndGlobalSection
	GlobalSection(NestedProjects) = preSolution
		{7DA4E33E-77EC-4189-9841-98DA1675C66E} = {20E8FFC1-B456-488F-BC5C-DC6C7B8795B4}
	EndGlobalSection
	GlobalSection(ExtensibilityGlobals) = postSolution
		SolutionGuid = {C2572DEB-E961-4891-BA13-4A78EC78FA4C}
	EndGlobalSection
EndGlobal
